
Microsoft Visual Studio Solution File, Format Version 12.00
# Visual Studio Version 16
VisualStudioVersion = 16.0.29613.14
MinimumVisualStudioVersion = 10.0.40219.1
Project("{FAE04EC0-301F-11D3-BF4B-00C04F79EFBC}") = "EDEN", "EDEN.csproj", "{5E4579CD-6B6A-46FC-8803-C51D522D1ADD}"
EndProject
Project("{FAE04EC0-301F-11D3-BF4B-00C04F79EFBC}") = "EDENTests1", "..\EDENTests1\EDENTests1.csproj", "{62B50670-FFB6-4754-BCCE-83B3C0A45BA3}"
EndProject
Global
	GlobalSection(SolutionConfigurationPlatforms) = preSolution
		Debug|Any CPU = Debug|Any CPU
		Release|Any CPU = Release|Any CPU
	EndGlobalSection
	GlobalSection(ProjectConfigurationPlatforms) = postSolution
		{5E4579CD-6B6A-46FC-8803-C51D522D1ADD}.Debug|Any CPU.ActiveCfg = Debug|Any CPU
		{5E4579CD-6B6A-46FC-8803-C51D522D1ADD}.Debug|Any CPU.Build.0 = Debug|Any CPU
		{5E4579CD-6B6A-46FC-8803-C51D522D1ADD}.Release|Any CPU.ActiveCfg = Release|Any CPU
		{5E4579CD-6B6A-46FC-8803-C51D522D1ADD}.Release|Any CPU.Build.0 = Release|Any CPU
		{62B50670-FFB6-4754-BCCE-83B3C0A45BA3}.Debug|Any CPU.ActiveCfg = Debug|Any CPU
		{62B50670-FFB6-4754-BCCE-83B3C0A45BA3}.Debug|Any CPU.Build.0 = Debug|Any CPU
		{62B50670-FFB6-4754-BCCE-83B3C0A45BA3}.Release|Any CPU.ActiveCfg = Release|Any CPU
		{62B50670-FFB6-4754-BCCE-83B3C0A45BA3}.Release|Any CPU.Build.0 = Release|Any CPU
	EndGlobalSection
	GlobalSection(SolutionProperties) = preSolution
		HideSolutionNode = FALSE
	EndGlobalSection
	GlobalSection(ExtensibilityGlobals) = postSolution
		SolutionGuid = {66D92222-9654-4C2E-B64B-E82C98BF90B4}
	EndGlobalSection
EndGlobal
